// !$*UTF8*$!
{
	archiveVersion = 1;
	classes = {
	};
	objectVersion = 50;
	objects = {

/* Begin PBXBuildFile section */
		1D784C6825A8F7740038EA3A /* GaugeInSwiftUI WatchKit App.app in Embed Watch Content */ = {isa = PBXBuildFile; fileRef = 1D784C6725A8F7740038EA3A /* GaugeInSwiftUI WatchKit App.app */; settings = {ATTRIBUTES = (RemoveHeadersOnCopy, ); }; };
		1D784C6D25A8F7770038EA3A /* Assets.xcassets in Resources */ = {isa = PBXBuildFile; fileRef = 1D784C6C25A8F7770038EA3A /* Assets.xcassets */; };
		1D784C7425A8F7780038EA3A /* GaugeInSwiftUI WatchKit Extension.appex in Embed App Extensions */ = {isa = PBXBuildFile; fileRef = 1D784C7325A8F7780038EA3A /* GaugeInSwiftUI WatchKit Extension.appex */; settings = {ATTRIBUTES = (RemoveHeadersOnCopy, ); }; };
		1D784C7925A8F7780038EA3A /* GaugeInSwiftUIApp.swift in Sources */ = {isa = PBXBuildFile; fileRef = 1D784C7825A8F7780038EA3A /* GaugeInSwiftUIApp.swift */; };
		1D784C7B25A8F7780038EA3A /* ContentView.swift in Sources */ = {isa = PBXBuildFile; fileRef = 1D784C7A25A8F7780038EA3A /* ContentView.swift */; };
		1D784C7D25A8F7780038EA3A /* NotificationController.swift in Sources */ = {isa = PBXBuildFile; fileRef = 1D784C7C25A8F7780038EA3A /* NotificationController.swift */; };
		1D784C7F25A8F7780038EA3A /* NotificationView.swift in Sources */ = {isa = PBXBuildFile; fileRef = 1D784C7E25A8F7780038EA3A /* NotificationView.swift */; };
		1D784C8125A8F7780038EA3A /* ComplicationController.swift in Sources */ = {isa = PBXBuildFile; fileRef = 1D784C8025A8F7780038EA3A /* ComplicationController.swift */; };
		1D784C8325A8F7790038EA3A /* Assets.xcassets in Resources */ = {isa = PBXBuildFile; fileRef = 1D784C8225A8F7790038EA3A /* Assets.xcassets */; };
		1D784C8625A8F7790038EA3A /* Preview Assets.xcassets in Resources */ = {isa = PBXBuildFile; fileRef = 1D784C8525A8F7790038EA3A /* Preview Assets.xcassets */; };
/* End PBXBuildFile section */

/* Begin PBXContainerItemProxy section */
		1D784C6925A8F7740038EA3A /* PBXContainerItemProxy */ = {
			isa = PBXContainerItemProxy;
			containerPortal = 1D784C5D25A8F7730038EA3A /* Project object */;
			proxyType = 1;
			remoteGlobalIDString = 1D784C6625A8F7740038EA3A;
			remoteInfo = "GaugeInSwiftUI WatchKit App";
		};
		1D784C7525A8F7780038EA3A /* PBXContainerItemProxy */ = {
			isa = PBXContainerItemProxy;
			containerPortal = 1D784C5D25A8F7730038EA3A /* Project object */;
			proxyType = 1;
			remoteGlobalIDString = 1D784C7225A8F7780038EA3A;
			remoteInfo = "GaugeInSwiftUI WatchKit Extension";
		};
/* End PBXContainerItemProxy section */

/* Begin PBXCopyFilesBuildPhase section */
		1D784C8E25A8F7790038EA3A /* Embed App Extensions */ = {
			isa = PBXCopyFilesBuildPhase;
			buildActionMask = 2147483647;
			dstPath = "";
			dstSubfolderSpec = 13;
			files = (
				1D784C7425A8F7780038EA3A /* GaugeInSwiftUI WatchKit Extension.appex in Embed App Extensions */,
			);
			name = "Embed App Extensions";
			runOnlyForDeploymentPostprocessing = 0;
		};
		1D784C9225A8F7790038EA3A /* Embed Watch Content */ = {
			isa = PBXCopyFilesBuildPhase;
			buildActionMask = 2147483647;
			dstPath = "$(CONTENTS_FOLDER_PATH)/Watch";
			dstSubfolderSpec = 16;
			files = (
				1D784C6825A8F7740038EA3A /* GaugeInSwiftUI WatchKit App.app in Embed Watch Content */,
			);
			name = "Embed Watch Content";
			runOnlyForDeploymentPostprocessing = 0;
		};
/* End PBXCopyFilesBuildPhase section */

/* Begin PBXFileReference section */
		1D784C6325A8F7740038EA3A /* GaugeInSwiftUI.app */ = {isa = PBXFileReference; explicitFileType = wrapper.application; includeInIndex = 0; path = GaugeInSwiftUI.app; sourceTree = BUILT_PRODUCTS_DIR; };
		1D784C6725A8F7740038EA3A /* GaugeInSwiftUI WatchKit App.app */ = {isa = PBXFileReference; explicitFileType = wrapper.application; includeInIndex = 0; path = "GaugeInSwiftUI WatchKit App.app"; sourceTree = BUILT_PRODUCTS_DIR; };
		1D784C6C25A8F7770038EA3A /* Assets.xcassets */ = {isa = PBXFileReference; lastKnownFileType = folder.assetcatalog; path = Assets.xcassets; sourceTree = "<group>"; };
		1D784C6E25A8F7770038EA3A /* Info.plist */ = {isa = PBXFileReference; lastKnownFileType = text.plist.xml; path = Info.plist; sourceTree = "<group>"; };
		1D784C7325A8F7780038EA3A /* GaugeInSwiftUI WatchKit Extension.appex */ = {isa = PBXFileReference; explicitFileType = "wrapper.app-extension"; includeInIndex = 0; path = "GaugeInSwiftUI WatchKit Extension.appex"; sourceTree = BUILT_PRODUCTS_DIR; };
		1D784C7825A8F7780038EA3A /* GaugeInSwiftUIApp.swift */ = {isa = PBXFileReference; lastKnownFileType = sourcecode.swift; path = GaugeInSwiftUIApp.swift; sourceTree = "<group>"; };
		1D784C7A25A8F7780038EA3A /* ContentView.swift */ = {isa = PBXFileReference; lastKnownFileType = sourcecode.swift; path = ContentView.swift; sourceTree = "<group>"; };
		1D784C7C25A8F7780038EA3A /* NotificationController.swift */ = {isa = PBXFileReference; lastKnownFileType = sourcecode.swift; path = NotificationController.swift; sourceTree = "<group>"; };
		1D784C7E25A8F7780038EA3A /* NotificationView.swift */ = {isa = PBXFileReference; lastKnownFileType = sourcecode.swift; path = NotificationView.swift; sourceTree = "<group>"; };
		1D784C8025A8F7780038EA3A /* ComplicationController.swift */ = {isa = PBXFileReference; lastKnownFileType = sourcecode.swift; path = ComplicationController.swift; sourceTree = "<group>"; };
		1D784C8225A8F7790038EA3A /* Assets.xcassets */ = {isa = PBXFileReference; lastKnownFileType = folder.assetcatalog; path = Assets.xcassets; sourceTree = "<group>"; };
		1D784C8525A8F7790038EA3A /* Preview Assets.xcassets */ = {isa = PBXFileReference; lastKnownFileType = folder.assetcatalog; path = "Preview Assets.xcassets"; sourceTree = "<group>"; };
		1D784C8725A8F7790038EA3A /* Info.plist */ = {isa = PBXFileReference; lastKnownFileType = text.plist.xml; path = Info.plist; sourceTree = "<group>"; };
		1D784C8825A8F7790038EA3A /* PushNotificationPayload.apns */ = {isa = PBXFileReference; lastKnownFileType = text; path = PushNotificationPayload.apns; sourceTree = "<group>"; };
/* End PBXFileReference section */

/* Begin PBXFrameworksBuildPhase section */
		1D784C7025A8F7780038EA3A /* Frameworks */ = {
			isa = PBXFrameworksBuildPhase;
			buildActionMask = 2147483647;
			files = (
			);
			runOnlyForDeploymentPostprocessing = 0;
		};
/* End PBXFrameworksBuildPhase section */

/* Begin PBXGroup section */
		1D784C5C25A8F7730038EA3A = {
			isa = PBXGroup;
			children = (
				1D784C6B25A8F7740038EA3A /* GaugeInSwiftUI WatchKit App */,
				1D784C7725A8F7780038EA3A /* GaugeInSwiftUI WatchKit Extension */,
				1D784C6425A8F7740038EA3A /* Products */,
			);
			sourceTree = "<group>";
		};
		1D784C6425A8F7740038EA3A /* Products */ = {
			isa = PBXGroup;
			children = (
				1D784C6325A8F7740038EA3A /* GaugeInSwiftUI.app */,
				1D784C6725A8F7740038EA3A /* GaugeInSwiftUI WatchKit App.app */,
				1D784C7325A8F7780038EA3A /* GaugeInSwiftUI WatchKit Extension.appex */,
			);
			name = Products;
			sourceTree = "<group>";
		};
		1D784C6B25A8F7740038EA3A /* GaugeInSwiftUI WatchKit App */ = {
			isa = PBXGroup;
			children = (
				1D784C6C25A8F7770038EA3A /* Assets.xcassets */,
				1D784C6E25A8F7770038EA3A /* Info.plist */,
			);
			path = "GaugeInSwiftUI WatchKit App";
			sourceTree = "<group>";
		};
		1D784C7725A8F7780038EA3A /* GaugeInSwiftUI WatchKit Extension */ = {
			isa = PBXGroup;
			children = (
				1D784C7825A8F7780038EA3A /* GaugeInSwiftUIApp.swift */,
				1D784C7A25A8F7780038EA3A /* ContentView.swift */,
				1D784C7C25A8F7780038EA3A /* NotificationController.swift */,
				1D784C7E25A8F7780038EA3A /* NotificationView.swift */,
				1D784C8025A8F7780038EA3A /* ComplicationController.swift */,
				1D784C8225A8F7790038EA3A /* Assets.xcassets */,
				1D784C8725A8F7790038EA3A /* Info.plist */,
				1D784C8825A8F7790038EA3A /* PushNotificationPayload.apns */,
				1D784C8425A8F7790038EA3A /* Preview Content */,
			);
			path = "GaugeInSwiftUI WatchKit Extension";
			sourceTree = "<group>";
		};
		1D784C8425A8F7790038EA3A /* Preview Content */ = {
			isa = PBXGroup;
			children = (
				1D784C8525A8F7790038EA3A /* Preview Assets.xcassets */,
			);
			path = "Preview Content";
			sourceTree = "<group>";
		};
/* End PBXGroup section */

/* Begin PBXNativeTarget section */
		1D784C6225A8F7740038EA3A /* GaugeInSwiftUI */ = {
			isa = PBXNativeTarget;
			buildConfigurationList = 1D784C9325A8F7790038EA3A /* Build configuration list for PBXNativeTarget "GaugeInSwiftUI" */;
			buildPhases = (
				1D784C6125A8F7740038EA3A /* Resources */,
				1D784C9225A8F7790038EA3A /* Embed Watch Content */,
			);
			buildRules = (
			);
			dependencies = (
				1D784C6A25A8F7740038EA3A /* PBXTargetDependency */,
			);
			name = GaugeInSwiftUI;
			productName = GaugeInSwiftUI;
			productReference = 1D784C6325A8F7740038EA3A /* GaugeInSwiftUI.app */;
			productType = "com.apple.product-type.application.watchapp2-container";
		};
		1D784C6625A8F7740038EA3A /* GaugeInSwiftUI WatchKit App */ = {
			isa = PBXNativeTarget;
			buildConfigurationList = 1D784C8F25A8F7790038EA3A /* Build configuration list for PBXNativeTarget "GaugeInSwiftUI WatchKit App" */;
			buildPhases = (
				1D784C6525A8F7740038EA3A /* Resources */,
				1D784C8E25A8F7790038EA3A /* Embed App Extensions */,
			);
			buildRules = (
			);
			dependencies = (
				1D784C7625A8F7780038EA3A /* PBXTargetDependency */,
			);
			name = "GaugeInSwiftUI WatchKit App";
			productName = "GaugeInSwiftUI WatchKit App";
			productReference = 1D784C6725A8F7740038EA3A /* GaugeInSwiftUI WatchKit App.app */;
			productType = "com.apple.product-type.application.watchapp2";
		};
		1D784C7225A8F7780038EA3A /* GaugeInSwiftUI WatchKit Extension */ = {
			isa = PBXNativeTarget;
			buildConfigurationList = 1D784C8B25A8F7790038EA3A /* Build configuration list for PBXNativeTarget "GaugeInSwiftUI WatchKit Extension" */;
			buildPhases = (
				1D784C6F25A8F7780038EA3A /* Sources */,
				1D784C7025A8F7780038EA3A /* Frameworks */,
				1D784C7125A8F7780038EA3A /* Resources */,
			);
			buildRules = (
			);
			dependencies = (
			);
			name = "GaugeInSwiftUI WatchKit Extension";
			productName = "GaugeInSwiftUI WatchKit Extension";
			productReference = 1D784C7325A8F7780038EA3A /* GaugeInSwiftUI WatchKit Extension.appex */;
			productType = "com.apple.product-type.watchkit2-extension";
		};
/* End PBXNativeTarget section */

/* Begin PBXProject section */
		1D784C5D25A8F7730038EA3A /* Project object */ = {
			isa = PBXProject;
			attributes = {
				LastSwiftUpdateCheck = 1230;
				LastUpgradeCheck = 1230;
				TargetAttributes = {
					1D784C6225A8F7740038EA3A = {
						CreatedOnToolsVersion = 12.3;
					};
					1D784C6625A8F7740038EA3A = {
						CreatedOnToolsVersion = 12.3;
					};
					1D784C7225A8F7780038EA3A = {
						CreatedOnToolsVersion = 12.3;
					};
				};
			};
			buildConfigurationList = 1D784C6025A8F7730038EA3A /* Build configuration list for PBXProject "GaugeInSwiftUI" */;
			compatibilityVersion = "Xcode 9.3";
			developmentRegion = en;
			hasScannedForEncodings = 0;
			knownRegions = (
				en,
				Base,
			);
			mainGroup = 1D784C5C25A8F7730038EA3A;
			productRefGroup = 1D784C6425A8F7740038EA3A /* Products */;
			projectDirPath = "";
			projectRoot = "";
			targets = (
				1D784C6225A8F7740038EA3A /* GaugeInSwiftUI */,
				1D784C6625A8F7740038EA3A /* GaugeInSwiftUI WatchKit App */,
				1D784C7225A8F7780038EA3A /* GaugeInSwiftUI WatchKit Extension */,
			);
		};
/* End PBXProject section */

/* Begin PBXResourcesBuildPhase section */
		1D784C6125A8F7740038EA3A /* Resources */ = {
			isa = PBXResourcesBuildPhase;
			buildActionMask = 2147483647;
			files = (
			);
			runOnlyForDeploymentPostprocessing = 0;
		};
		1D784C6525A8F7740038EA3A /* Resources */ = {
			isa = PBXResourcesBuildPhase;
			buildActionMask = 2147483647;
			files = (
				1D784C6D25A8F7770038EA3A /* Assets.xcassets in Resources */,
			);
			runOnlyForDeploymentPostprocessing = 0;
		};
		1D784C7125A8F7780038EA3A /* Resources */ = {
			isa = PBXResourcesBuildPhase;
			buildActionMask = 2147483647;
			files = (
				1D784C8625A8F7790038EA3A /* Preview Assets.xcassets in Resources */,
				1D784C8325A8F7790038EA3A /* Assets.xcassets in Resources */,
			);
			runOnlyForDeploymentPostprocessing = 0;
		};
/* End PBXResourcesBuildPhase section */

/* Begin PBXSourcesBuildPhase section */
		1D784C6F25A8F7780038EA3A /* Sources */ = {
			isa = PBXSourcesBuildPhase;
			buildActionMask = 2147483647;
			files = (
				1D784C7D25A8F7780038EA3A /* NotificationController.swift in Sources */,
				1D784C7B25A8F7780038EA3A /* ContentView.swift in Sources */,
				1D784C8125A8F7780038EA3A /* ComplicationController.swift in Sources */,
				1D784C7925A8F7780038EA3A /* GaugeInSwiftUIApp.swift in Sources */,
				1D784C7F25A8F7780038EA3A /* NotificationView.swift in Sources */,
			);
			runOnlyForDeploymentPostprocessing = 0;
		};
/* End PBXSourcesBuildPhase section */

/* Begin PBXTargetDependency section */
		1D784C6A25A8F7740038EA3A /* PBXTargetDependency */ = {
			isa = PBXTargetDependency;
			target = 1D784C6625A8F7740038EA3A /* GaugeInSwiftUI WatchKit App */;
			targetProxy = 1D784C6925A8F7740038EA3A /* PBXContainerItemProxy */;
		};
		1D784C7625A8F7780038EA3A /* PBXTargetDependency */ = {
			isa = PBXTargetDependency;
			target = 1D784C7225A8F7780038EA3A /* GaugeInSwiftUI WatchKit Extension */;
			targetProxy = 1D784C7525A8F7780038EA3A /* PBXContainerItemProxy */;
		};
/* End PBXTargetDependency section */

/* Begin XCBuildConfiguration section */
		1D784C8925A8F7790038EA3A /* Debug */ = {
			isa = XCBuildConfiguration;
			buildSettings = {
				ALWAYS_SEARCH_USER_PATHS = NO;
				CLANG_ANALYZER_NONNULL = YES;
				CLANG_ANALYZER_NUMBER_OBJECT_CONVERSION = YES_AGGRESSIVE;
				CLANG_CXX_LANGUAGE_STANDARD = "gnu++14";
				CLANG_CXX_LIBRARY = "libc++";
				CLANG_ENABLE_MODULES = YES;
				CLANG_ENABLE_OBJC_ARC = YES;
				CLANG_ENABLE_OBJC_WEAK = YES;
				CLANG_WARN_BLOCK_CAPTURE_AUTORELEASING = YES;
				CLANG_WARN_BOOL_CONVERSION = YES;
				CLANG_WARN_COMMA = YES;
				CLANG_WARN_CONSTANT_CONVERSION = YES;
				CLANG_WARN_DEPRECATED_OBJC_IMPLEMENTATIONS = YES;
				CLANG_WARN_DIRECT_OBJC_ISA_USAGE = YES_ERROR;
				CLANG_WARN_DOCUMENTATION_COMMENTS = YES;
				CLANG_WARN_EMPTY_BODY = YES;
				CLANG_WARN_ENUM_CONVERSION = YES;
				CLANG_WARN_INFINITE_RECURSION = YES;
				CLANG_WARN_INT_CONVERSION = YES;
				CLANG_WARN_NON_LITERAL_NULL_CONVERSION = YES;
				CLANG_WARN_OBJC_IMPLICIT_RETAIN_SELF = YES;
				CLANG_WARN_OBJC_LITERAL_CONVERSION = YES;
				CLANG_WARN_OBJC_ROOT_CLASS = YES_ERROR;
				CLANG_WARN_QUOTED_INCLUDE_IN_FRAMEWORK_HEADER = YES;
				CLANG_WARN_RANGE_LOOP_ANALYSIS = YES;
				CLANG_WARN_STRICT_PROTOTYPES = YES;
				CLANG_WARN_SUSPICIOUS_MOVE = YES;
				CLANG_WARN_UNGUARDED_AVAILABILITY = YES_AGGRESSIVE;
				CLANG_WARN_UNREACHABLE_CODE = YES;
				CLANG_WARN__DUPLICATE_METHOD_MATCH = YES;
				COPY_PHASE_STRIP = NO;
				DEBUG_INFORMATION_FORMAT = dwarf;
				ENABLE_STRICT_OBJC_MSGSEND = YES;
				ENABLE_TESTABILITY = YES;
				GCC_C_LANGUAGE_STANDARD = gnu11;
				GCC_DYNAMIC_NO_PIC = NO;
				GCC_NO_COMMON_BLOCKS = YES;
				GCC_OPTIMIZATION_LEVEL = 0;
				GCC_PREPROCESSOR_DEFINITIONS = (
					"DEBUG=1",
					"$(inherited)",
				);
				GCC_WARN_64_TO_32_BIT_CONVERSION = YES;
				GCC_WARN_ABOUT_RETURN_TYPE = YES_ERROR;
				GCC_WARN_UNDECLARED_SELECTOR = YES;
				GCC_WARN_UNINITIALIZED_AUTOS = YES_AGGRESSIVE;
				GCC_WARN_UNUSED_FUNCTION = YES;
				GCC_WARN_UNUSED_VARIABLE = YES;
				MTL_ENABLE_DEBUG_INFO = INCLUDE_SOURCE;
				MTL_FAST_MATH = YES;
				ONLY_ACTIVE_ARCH = YES;
				SDKROOT = iphoneos;
				SWIFT_ACTIVE_COMPILATION_CONDITIONS = DEBUG;
				SWIFT_OPTIMIZATION_LEVEL = "-Onone";
			};
			name = Debug;
		};
		1D784C8A25A8F7790038EA3A /* Release */ = {
			isa = XCBuildConfiguration;
			buildSettings = {
				ALWAYS_SEARCH_USER_PATHS = NO;
				CLANG_ANALYZER_NONNULL = YES;
				CLANG_ANALYZER_NUMBER_OBJECT_CONVERSION = YES_AGGRESSIVE;
				CLANG_CXX_LANGUAGE_STANDARD = "gnu++14";
				CLANG_CXX_LIBRARY = "libc++";
				CLANG_ENABLE_MODULES = YES;
				CLANG_ENABLE_OBJC_ARC = YES;
				CLANG_ENABLE_OBJC_WEAK = YES;
				CLANG_WARN_BLOCK_CAPTURE_AUTORELEASING = YES;
				CLANG_WARN_BOOL_CONVERSION = YES;
				CLANG_WARN_COMMA = YES;
				CLANG_WARN_CONSTANT_CONVERSION = YES;
				CLANG_WARN_DEPRECATED_OBJC_IMPLEMENTATIONS = YES;
				CLANG_WARN_DIRECT_OBJC_ISA_USAGE = YES_ERROR;
				CLANG_WARN_DOCUMENTATION_COMMENTS = YES;
				CLANG_WARN_EMPTY_BODY = YES;
				CLANG_WARN_ENUM_CONVERSION = YES;
				CLANG_WARN_INFINITE_RECURSION = YES;
				CLANG_WARN_INT_CONVERSION = YES;
				CLANG_WARN_NON_LITERAL_NULL_CONVERSION = YES;
				CLANG_WARN_OBJC_IMPLICIT_RETAIN_SELF = YES;
				CLANG_WARN_OBJC_LITERAL_CONVERSION = YES;
				CLANG_WARN_OBJC_ROOT_CLASS = YES_ERROR;
				CLANG_WARN_QUOTED_INCLUDE_IN_FRAMEWORK_HEADER = YES;
				CLANG_WARN_RANGE_LOOP_ANALYSIS = YES;
				CLANG_WARN_STRICT_PROTOTYPES = YES;
				CLANG_WARN_SUSPICIOUS_MOVE = YES;
				CLANG_WARN_UNGUARDED_AVAILABILITY = YES_AGGRESSIVE;
				CLANG_WARN_UNREACHABLE_CODE = YES;
				CLANG_WARN__DUPLICATE_METHOD_MATCH = YES;
				COPY_PHASE_STRIP = NO;
				DEBUG_INFORMATION_FORMAT = "dwarf-with-dsym";
				ENABLE_NS_ASSERTIONS = NO;
				ENABLE_STRICT_OBJC_MSGSEND = YES;
				GCC_C_LANGUAGE_STANDARD = gnu11;
				GCC_NO_COMMON_BLOCKS = YES;
				GCC_WARN_64_TO_32_BIT_CONVERSION = YES;
				GCC_WARN_ABOUT_RETURN_TYPE = YES_ERROR;
				GCC_WARN_UNDECLARED_SELECTOR = YES;
				GCC_WARN_UNINITIALIZED_AUTOS = YES_AGGRESSIVE;
				GCC_WARN_UNUSED_FUNCTION = YES;
				GCC_WARN_UNUSED_VARIABLE = YES;
				MTL_ENABLE_DEBUG_INFO = NO;
				MTL_FAST_MATH = YES;
				SDKROOT = iphoneos;
				SWIFT_COMPILATION_MODE = wholemodule;
				SWIFT_OPTIMIZATION_LEVEL = "-O";
				VALIDATE_PRODUCT = YES;
			};
			name = Release;
		};
		1D784C8C25A8F7790038EA3A /* Debug */ = {
			isa = XCBuildConfiguration;
			buildSettings = {
				ASSETCATALOG_COMPILER_COMPLICATION_NAME = Complication;
				CODE_SIGN_STYLE = Automatic;
				DEVELOPMENT_ASSET_PATHS = "\"GaugeInSwiftUI WatchKit Extension/Preview Content\"";
				DEVELOPMENT_TEAM = L8W86DZDY2;
				ENABLE_PREVIEWS = YES;
				INFOPLIST_FILE = "GaugeInSwiftUI WatchKit Extension/Info.plist";
				LD_RUNPATH_SEARCH_PATHS = (
					"$(inherited)",
					"@executable_path/Frameworks",
					"@executable_path/../../Frameworks",
				);
				PRODUCT_BUNDLE_IDENTIFIER = com.ri.GaugeInSwiftUI.watchkitapp.watchkitextension;
				PRODUCT_NAME = "${TARGET_NAME}";
				SDKROOT = watchos;
				SKIP_INSTALL = YES;
				SWIFT_VERSION = 5.0;
				TARGETED_DEVICE_FAMILY = 4;
				WATCHOS_DEPLOYMENT_TARGET = 7.2;
			};
			name = Debug;
		};
		1D784C8D25A8F7790038EA3A /* Release */ = {
			isa = XCBuildConfiguration;
			buildSettings = {
				ASSETCATALOG_COMPILER_COMPLICATION_NAME = Complication;
				CODE_SIGN_STYLE = Automatic;
				DEVELOPMENT_ASSET_PATHS = "\"GaugeInSwiftUI WatchKit Extension/Preview Content\"";
				DEVELOPMENT_TEAM = L8W86DZDY2;
				ENABLE_PREVIEWS = YES;
				INFOPLIST_FILE = "GaugeInSwiftUI WatchKit Extension/Info.plist";
				LD_RUNPATH_SEARCH_PATHS = (
					"$(inherited)",
					"@executable_path/Frameworks",
					"@executable_path/../../Frameworks",
				);
				PRODUCT_BUNDLE_IDENTIFIER = com.ri.GaugeInSwiftUI.watchkitapp.watchkitextension;
				PRODUCT_NAME = "${TARGET_NAME}";
				SDKROOT = watchos;
				SKIP_INSTALL = YES;
				SWIFT_VERSION = 5.0;
				TARGETED_DEVICE_FAMILY = 4;
				WATCHOS_DEPLOYMENT_TARGET = 7.2;
			};
			name = Release;
		};
		1D784C9025A8F7790038EA3A /* Debug */ = {
			isa = XCBuildConfiguration;
			buildSettings = {
				ALWAYS_EMBED_SWIFT_STANDARD_LIBRARIES = YES;
				ASSETCATALOG_COMPILER_APPICON_NAME = AppIcon;
				ASSETCATALOG_COMPILER_GLOBAL_ACCENT_COLOR_NAME = AccentColor;
				CODE_SIGN_STYLE = Automatic;
				DEVELOPMENT_TEAM = L8W86DZDY2;
				IBSC_MODULE = GaugeInSwiftUI_WatchKit_Extension;
				INFOPLIST_FILE = "GaugeInSwiftUI WatchKit App/Info.plist";
				PRODUCT_BUNDLE_IDENTIFIER = com.ri.GaugeInSwiftUI.watchkitapp;
				PRODUCT_NAME = "$(TARGET_NAME)";
				SDKROOT = watchos;
				SKIP_INSTALL = YES;
				SWIFT_VERSION = 5.0;
				TARGETED_DEVICE_FAMILY = 4;
				WATCHOS_DEPLOYMENT_TARGET = 7.2;
			};
			name = Debug;
		};
		1D784C9125A8F7790038EA3A /* Release */ = {
			isa = XCBuildConfiguration;
			buildSettings = {
				ALWAYS_EMBED_SWIFT_STANDARD_LIBRARIES = YES;
				ASSETCATALOG_COMPILER_APPICON_NAME = AppIcon;
				ASSETCATALOG_COMPILER_GLOBAL_ACCENT_COLOR_NAME = AccentColor;
				CODE_SIGN_STYLE = Automatic;
				DEVELOPMENT_TEAM = L8W86DZDY2;
				IBSC_MODULE = GaugeInSwiftUI_WatchKit_Extension;
				INFOPLIST_FILE = "GaugeInSwiftUI WatchKit App/Info.plist";
				PRODUCT_BUNDLE_IDENTIFIER = com.ri.GaugeInSwiftUI.watchkitapp;
				PRODUCT_NAME = "$(TARGET_NAME)";
				SDKROOT = watchos;
				SKIP_INSTALL = YES;
				SWIFT_VERSION = 5.0;
				TARGETED_DEVICE_FAMILY = 4;
				WATCHOS_DEPLOYMENT_TARGET = 7.2;
			};
			name = Release;
		};
		1D784C9425A8F7790038EA3A /* Debug */ = {
			isa = XCBuildConfiguration;
			buildSettings = {
				CODE_SIGN_STYLE = Automatic;
				CURRENT_PROJECT_VERSION = 1;
				DEVELOPMENT_TEAM = L8W86DZDY2;
				MARKETING_VERSION = 1.0;
				PRODUCT_BUNDLE_IDENTIFIER = com.ri.GaugeInSwiftUI;
				PRODUCT_NAME = "$(TARGET_NAME)";
				SWIFT_VERSION = 5.0;
			};
			name = Debug;
		};
		1D784C9525A8F7790038EA3A /* Release */ = {
			isa = XCBuildConfiguration;
			buildSettings = {
				CODE_SIGN_STYLE = Automatic;
				CURRENT_PROJECT_VERSION = 1;
				DEVELOPMENT_TEAM = L8W86DZDY2;
				MARKETING_VERSION = 1.0;
				PRODUCT_BUNDLE_IDENTIFIER = com.ri.GaugeInSwiftUI;
				PRODUCT_NAME = "$(TARGET_NAME)";
				SWIFT_VERSION = 5.0;
			};
			name = Release;
		};
/* End XCBuildConfiguration section */

/* Begin XCConfigurationList section */
		1D784C6025A8F7730038EA3A /* Build configuration list for PBXProject "GaugeInSwiftUI" */ = {
			isa = XCConfigurationList;
			buildConfigurations = (
				1D784C8925A8F7790038EA3A /* Debug */,
				1D784C8A25A8F7790038EA3A /* Release */,
			);
			defaultConfigurationIsVisible = 0;
			defaultConfigurationName = Release;
		};
		1D784C8B25A8F7790038EA3A /* Build configuration list for PBXNativeTarget "GaugeInSwiftUI WatchKit Extension" */ = {
			isa = XCConfigurationList;
			buildConfigurations = (
				1D784C8C25A8F7790038EA3A /* Debug */,
				1D784C8D25A8F7790038EA3A /* Release */,
			);
			defaultConfigurationIsVisible = 0;
			defaultConfigurationName = Release;
		};
		1D784C8F25A8F7790038EA3A /* Build configuration list for PBXNativeTarget "GaugeInSwiftUI WatchKit App" */ = {
			isa = XCConfigurationList;
			buildConfigurations = (
				1D784C9025A8F7790038EA3A /* Debug */,
				1D784C9125A8F7790038EA3A /* Release */,
			);
			defaultConfigurationIsVisible = 0;
			defaultConfigurationName = Release;
		};
		1D784C9325A8F7790038EA3A /* Build configuration list for PBXNativeTarget "GaugeInSwiftUI" */ = {
			isa = XCConfigurationList;
			buildConfigurations = (
				1D784C9425A8F7790038EA3A /* Debug */,
				1D784C9525A8F7790038EA3A /* Release */,
			);
			defaultConfigurationIsVisible = 0;
			defaultConfigurationName = Release;
		};
/* End XCConfigurationList section */
	};
	rootObject = 1D784C5D25A8F7730038EA3A /* Project object */;
}
